
Microsoft Visual Studio Solution File, Format Version 12.00
# Visual Studio Version 16
VisualStudioVersion = 16.0.30804.86
MinimumVisualStudioVersion = 10.0.40219.1
Project("{8BC9CEB8-8B4A-11D0-8D11-00A0C91BC942}") = "ConsoleApplication19", "ConsoleApplication19.vcxproj", "{1FAA13A0-2CE8-41CE-8600-522D92A71D5A}"
EndProject
Global
	GlobalSection(SolutionConfigurationPlatforms) = preSolution
		Debug|x64 = Debug|x64
		Debug|x86 = Debug|x86
		Release|x64 = Release|x64
		Release|x86 = Release|x86
	EndGlobalSection
	GlobalSection(ProjectConfigurationPlatforms) = postSolution
		{1FAA13A0-2CE8-41CE-8600-522D92A71D5A}.Debug|x64.ActiveCfg = Debug|x64
		{1FAA13A0-2CE8-41CE-8600-522D92A71D5A}.Debug|x64.Build.0 = Debug|x64
		{1FAA13A0-2CE8-41CE-8600-522D92A71D5A}.Debug|x86.ActiveCfg = Debug|Win32
		{1FAA13A0-2CE8-41CE-8600-522D92A71D5A}.Debug|x86.Build.0 = Debug|Win32
		{1FAA13A0-2CE8-41CE-8600-522D92A71D5A}.Release|x64.ActiveCfg = Release|x64
		{1FAA13A0-2CE8-41CE-8600-522D92A71D5A}.Release|x64.Build.0 = Release|x64
		{1FAA13A0-2CE8-41CE-8600-522D92A71D5A}.Release|x86.ActiveCfg = Release|Win32
		{1FAA13A0-2CE8-41CE-8600-522D92A71D5A}.Release|x86.Build.0 = Release|Win32
	EndGlobalSection
	GlobalSection(SolutionProperties) = preSolution
		HideSolutionNode = FALSE
	EndGlobalSection
	GlobalSection(ExtensibilityGlobals) = postSolution
		SolutionGuid = {11F6178D-0EE7-4C61-A006-45BE647F73E3}
	EndGlobalSection
EndGlobal
